{
  "requires": true,
  "lockfileVersion": 1,
  "dependencies": {
    "fullcalendar": {
      "version": "3.7.0",
      "resolved": "https://registry.npmjs.org/fullcalendar/-/fullcalendar-3.7.0.tgz",
      "integrity": "sha1-dDCZQ3kKAIVkfvdnHIHIUvaLSig=",
      "requires": {
        "jquery": "3.2.1",
        "moment": "2.19.3"
      }
    },
    "jquery": {
      "version": "3.2.1",
      "resolved": "https://registry.npmjs.org/jquery/-/jquery-3.2.1.tgz",
      "integrity": "sha1-XE2d5lKvbNCncBVKYxu6ErAVx4c="
    },
    "moment": {
      "version": "2.19.3",
      "resolved": "https://registry.npmjs.org/moment/-/moment-2.19.3.tgz",
      "integrity": "sha1-vbmdJw1tf9p4zA+6zoVeJ/59pp8="
    }
  }
}
